
Microsoft Visual Studio Solution File, Format Version 12.00
# Visual Studio Version 16
VisualStudioVersion = 16.0.29920.165
MinimumVisualStudioVersion = 10.0.40219.1
Project("{FAE04EC0-301F-11D3-BF4B-00C04F79EFBC}") = "ClassLibrary1", "ClassLibrary1.csproj", "{7E7B6555-3A92-4AD7-B1F5-72EFF37378F8}"
EndProject
Global
	GlobalSection(SolutionConfigurationPlatforms) = preSolution
		Debug|Any CPU = Debug|Any CPU
		Release|Any CPU = Release|Any CPU
	EndGlobalSection
	GlobalSection(ProjectConfigurationPlatforms) = postSolution
		{7E7B6555-3A92-4AD7-B1F5-72EFF37378F8}.Debug|Any CPU.ActiveCfg = Debug|Any CPU
		{7E7B6555-3A92-4AD7-B1F5-72EFF37378F8}.Debug|Any CPU.Build.0 = Debug|Any CPU
		{7E7B6555-3A92-4AD7-B1F5-72EFF37378F8}.Release|Any CPU.ActiveCfg = Release|Any CPU
		{7E7B6555-3A92-4AD7-B1F5-72EFF37378F8}.Release|Any CPU.Build.0 = Release|Any CPU
	EndGlobalSection
	GlobalSection(SolutionProperties) = preSolution
		HideSolutionNode = FALSE
	EndGlobalSection
	GlobalSection(ExtensibilityGlobals) = postSolution
		SolutionGuid = {BA35DF28-7FE8-4C8B-A064-B28D1095062F}
	EndGlobalSection
EndGlobal
